
Microsoft Visual Studio Solution File, Format Version 12.00
# Visual Studio Version 16
VisualStudioVersion = 16.0.31424.327
MinimumVisualStudioVersion = 10.0.40219.1
Project("{FAE04EC0-301F-11D3-BF4B-00C04F79EFBC}") = "Colecao_Musica", "Colecao_Musica.csproj", "{FE7DF346-4B49-4A19-994B-B6A8E074B86D}"
EndProject
Global
	GlobalSection(SolutionConfigurationPlatforms) = preSolution
		Debug|Any CPU = Debug|Any CPU
		Release|Any CPU = Release|Any CPU
	EndGlobalSection
	GlobalSection(ProjectConfigurationPlatforms) = postSolution
		{FE7DF346-4B49-4A19-994B-B6A8E074B86D}.Debug|Any CPU.ActiveCfg = Debug|Any CPU
		{FE7DF346-4B49-4A19-994B-B6A8E074B86D}.Debug|Any CPU.Build.0 = Debug|Any CPU
		{FE7DF346-4B49-4A19-994B-B6A8E074B86D}.Release|Any CPU.ActiveCfg = Release|Any CPU
		{FE7DF346-4B49-4A19-994B-B6A8E074B86D}.Release|Any CPU.Build.0 = Release|Any CPU
	EndGlobalSection
	GlobalSection(SolutionProperties) = preSolution
		HideSolutionNode = FALSE
	EndGlobalSection
	GlobalSection(ExtensibilityGlobals) = postSolution
		SolutionGuid = {C812B239-133F-4A98-92C7-B86E5EEFE279}
	EndGlobalSection
EndGlobal
